
Microsoft Visual Studio Solution File, Format Version 12.00
# Visual Studio Version 17
VisualStudioVersion = 17.2.32602.215
MinimumVisualStudioVersion = 10.0.40219.1
Project("{FAE04EC0-301F-11D3-BF4B-00C04F79EFBC}") = "TheBiscuitFactory", "TheBiscuitFactory\TheBiscuitFactory.csproj", "{5DC07D5C-B686-490E-9A75-FF87EE8D3C5E}"
EndProject
Project("{FAE04EC0-301F-11D3-BF4B-00C04F79EFBC}") = "FriendListMaintenance", "FriendListMaintenance\FriendListMaintenance.csproj", "{64E941CD-AAA5-45FA-9AE4-3E90B4C7E4E2}"
EndProject
Project("{FAE04EC0-301F-11D3-BF4B-00C04F79EFBC}") = "DeckOfCards", "DeckOfCards\DeckOfCards.csproj", "{3229396E-7DC3-4289-AD38-CF8CB34149FD}"
EndProject
Global
	GlobalSection(SolutionConfigurationPlatforms) = preSolution
		Debug|Any CPU = Debug|Any CPU
		Release|Any CPU = Release|Any CPU
	EndGlobalSection
	GlobalSection(ProjectConfigurationPlatforms) = postSolution
		{5DC07D5C-B686-490E-9A75-FF87EE8D3C5E}.Debug|Any CPU.ActiveCfg = Debug|Any CPU
		{5DC07D5C-B686-490E-9A75-FF87EE8D3C5E}.Debug|Any CPU.Build.0 = Debug|Any CPU
		{5DC07D5C-B686-490E-9A75-FF87EE8D3C5E}.Release|Any CPU.ActiveCfg = Release|Any CPU
		{5DC07D5C-B686-490E-9A75-FF87EE8D3C5E}.Release|Any CPU.Build.0 = Release|Any CPU
		{64E941CD-AAA5-45FA-9AE4-3E90B4C7E4E2}.Debug|Any CPU.ActiveCfg = Debug|Any CPU
		{64E941CD-AAA5-45FA-9AE4-3E90B4C7E4E2}.Debug|Any CPU.Build.0 = Debug|Any CPU
		{64E941CD-AAA5-45FA-9AE4-3E90B4C7E4E2}.Release|Any CPU.ActiveCfg = Release|Any CPU
		{64E941CD-AAA5-45FA-9AE4-3E90B4C7E4E2}.Release|Any CPU.Build.0 = Release|Any CPU
		{3229396E-7DC3-4289-AD38-CF8CB34149FD}.Debug|Any CPU.ActiveCfg = Debug|Any CPU
		{3229396E-7DC3-4289-AD38-CF8CB34149FD}.Debug|Any CPU.Build.0 = Debug|Any CPU
		{3229396E-7DC3-4289-AD38-CF8CB34149FD}.Release|Any CPU.ActiveCfg = Release|Any CPU
		{3229396E-7DC3-4289-AD38-CF8CB34149FD}.Release|Any CPU.Build.0 = Release|Any CPU
	EndGlobalSection
	GlobalSection(SolutionProperties) = preSolution
		HideSolutionNode = FALSE
	EndGlobalSection
	GlobalSection(ExtensibilityGlobals) = postSolution
		SolutionGuid = {5A2AC4B4-6D44-42CD-AB20-E8FFDABEC33C}
	EndGlobalSection
EndGlobal
