
Microsoft Visual Studio Solution File, Format Version 12.00
# Visual Studio Version 16
VisualStudioVersion = 16.0.30711.63
MinimumVisualStudioVersion = 10.0.40219.1
Project("{9A19103F-16F7-4668-BE54-9A1E7A4F7556}") = "01. Sign of Integer Numbers", "01. Sign of Integer Numbers\01. Sign of Integer Numbers.csproj", "{FE6D2F72-D542-4AC7-8D31-3F14B89DAF2E}"
EndProject
Project("{9A19103F-16F7-4668-BE54-9A1E7A4F7556}") = "02. Grades", "Grades\02. Grades.csproj", "{C76CEB3E-3F68-428E-A17C-3219574503B6}"
EndProject
Project("{9A19103F-16F7-4668-BE54-9A1E7A4F7556}") = "03. Calculations", "Calculations\03. Calculations.csproj", "{5F99F62E-B8B6-421C-8CF8-0944A9754BF7}"
EndProject
Project("{9A19103F-16F7-4668-BE54-9A1E7A4F7556}") = "04. Printing triangle", "Printing triangle\04. Printing triangle.csproj", "{1DB4B8AB-8B7F-4431-9D74-17D170D4977D}"
EndProject
Project("{9A19103F-16F7-4668-BE54-9A1E7A4F7556}") = "05. Orders", "Orders\05. Orders.csproj", "{46F8998A-2FD9-48CB-B076-4C1D6B1437CD}"
EndProject
Project("{9A19103F-16F7-4668-BE54-9A1E7A4F7556}") = "06. Calculate Rectangle Area", "06. Calculate Rectangle Area\06. Calculate Rectangle Area.csproj", "{3FD2D18A-03C3-4A47-9BEE-796749F76D86}"
EndProject
Project("{9A19103F-16F7-4668-BE54-9A1E7A4F7556}") = "07. Repeat String", "Repeat String\07. Repeat String.csproj", "{4A75F57D-D842-4785-A787-526F3F9CA2A4}"
EndProject
Project("{9A19103F-16F7-4668-BE54-9A1E7A4F7556}") = "09. Greater of Two Values", "09. Greater of Two Values\09. Greater of Two Values.csproj", "{603E61FA-81FB-4970-9C45-9D05A8609AE7}"
EndProject
Project("{9A19103F-16F7-4668-BE54-9A1E7A4F7556}") = "08. Math Power", "08. Math Power\08. Math Power.csproj", "{E88A7262-1D4A-4AA5-B63C-B314244E6430}"
EndProject
Project("{9A19103F-16F7-4668-BE54-9A1E7A4F7556}") = "10. Multiply Evens by Odds", "10. Multiply Evens by Odds\10. Multiply Evens by Odds.csproj", "{AD6AB8F5-0DBE-4706-B6A1-08FFE2B77C3C}"
EndProject
Project("{9A19103F-16F7-4668-BE54-9A1E7A4F7556}") = "11. Math operations", "11. Math operations\11. Math operations.csproj", "{242ADCA5-5C05-48CD-9D2B-4A58FCB5CC96}"
EndProject
Project("{9A19103F-16F7-4668-BE54-9A1E7A4F7556}") = "Multiply Evens by Odds Second Solution", "Multiply Evens by Odds Second Solution\Multiply Evens by Odds Second Solution.csproj", "{007204A1-A592-4BB1-90D2-772F7DCF4AA9}"
EndProject
Project("{9A19103F-16F7-4668-BE54-9A1E7A4F7556}") = "12. Smallest of Three Numbers", "12. Smallest of Three Numbers\12. Smallest of Three Numbers.csproj", "{A88DAD9E-ADFE-4CBC-ADEF-7DF447E44FD7}"
EndProject
Project("{9A19103F-16F7-4668-BE54-9A1E7A4F7556}") = "13. Volews count", "13. Volews count\13. Volews count.csproj", "{0B873BA0-A825-43B7-A274-17F7FC667929}"
EndProject
Project("{9A19103F-16F7-4668-BE54-9A1E7A4F7556}") = "14. Characters in Range", "14. Characters in Range\14. Characters in Range.csproj", "{09BBAA99-AC2F-4FBE-9B32-58ABEBE73DE2}"
EndProject
Project("{9A19103F-16F7-4668-BE54-9A1E7A4F7556}") = "15. Password Validator", "15. Password Validator\15. Password Validator.csproj", "{D61C1A2F-1EBB-463B-B563-51E6DEA8830A}"
EndProject
Project("{9A19103F-16F7-4668-BE54-9A1E7A4F7556}") = "16. Add and Subtract", "16. Add and Subtract\16. Add and Subtract.csproj", "{BEE0F69C-A730-4515-BED2-1C747725E69B}"
EndProject
Project("{9A19103F-16F7-4668-BE54-9A1E7A4F7556}") = "17. Middle Characters", "17. Middle Characters\17. Middle Characters.csproj", "{920AD7E7-4072-4B84-AD57-5363066A0AD8}"
EndProject
Project("{9A19103F-16F7-4668-BE54-9A1E7A4F7556}") = "18. NxN Matrix", "18. NxN Matrix\18. NxN Matrix.csproj", "{B9605775-2BB2-4188-AAD8-6EED53575B22}"
EndProject
Project("{9A19103F-16F7-4668-BE54-9A1E7A4F7556}") = "19. Factorial Divison", "19. Factorial Divison\19. Factorial Divison.csproj", "{89053B2A-C3B8-4A65-AE72-BC4A373EACDD}"
EndProject
Project("{9A19103F-16F7-4668-BE54-9A1E7A4F7556}") = "20. Palindrome Integers", "20. Palindrome Integers\20. Palindrome Integers.csproj", "{E0F41EF5-4C50-429D-A28F-46EEE9D19FB6}"
EndProject
Project("{9A19103F-16F7-4668-BE54-9A1E7A4F7556}") = "21. Top Number", "21. Top Number\21. Top Number.csproj", "{1B9BCE2E-59BB-407C-AB59-377388CB1334}"
EndProject
Project("{FAE04EC0-301F-11D3-BF4B-00C04F79EFBC}") = "22. Array Manipulator", "22. Array Manipulator\22. Array Manipulator.csproj", "{5DE4098D-F84D-4624-BA03-C0E0D9E208FC}"
EndProject
Global
	GlobalSection(SolutionConfigurationPlatforms) = preSolution
		Debug|Any CPU = Debug|Any CPU
		Release|Any CPU = Release|Any CPU
	EndGlobalSection
	GlobalSection(ProjectConfigurationPlatforms) = postSolution
		{FE6D2F72-D542-4AC7-8D31-3F14B89DAF2E}.Debug|Any CPU.ActiveCfg = Debug|Any CPU
		{FE6D2F72-D542-4AC7-8D31-3F14B89DAF2E}.Debug|Any CPU.Build.0 = Debug|Any CPU
		{FE6D2F72-D542-4AC7-8D31-3F14B89DAF2E}.Release|Any CPU.ActiveCfg = Release|Any CPU
		{FE6D2F72-D542-4AC7-8D31-3F14B89DAF2E}.Release|Any CPU.Build.0 = Release|Any CPU
		{C76CEB3E-3F68-428E-A17C-3219574503B6}.Debug|Any CPU.ActiveCfg = Debug|Any CPU
		{C76CEB3E-3F68-428E-A17C-3219574503B6}.Debug|Any CPU.Build.0 = Debug|Any CPU
		{C76CEB3E-3F68-428E-A17C-3219574503B6}.Release|Any CPU.ActiveCfg = Release|Any CPU
		{C76CEB3E-3F68-428E-A17C-3219574503B6}.Release|Any CPU.Build.0 = Release|Any CPU
		{5F99F62E-B8B6-421C-8CF8-0944A9754BF7}.Debug|Any CPU.ActiveCfg = Debug|Any CPU
		{5F99F62E-B8B6-421C-8CF8-0944A9754BF7}.Debug|Any CPU.Build.0 = Debug|Any CPU
		{5F99F62E-B8B6-421C-8CF8-0944A9754BF7}.Release|Any CPU.ActiveCfg = Release|Any CPU
		{5F99F62E-B8B6-421C-8CF8-0944A9754BF7}.Release|Any CPU.Build.0 = Release|Any CPU
		{1DB4B8AB-8B7F-4431-9D74-17D170D4977D}.Debug|Any CPU.ActiveCfg = Debug|Any CPU
		{1DB4B8AB-8B7F-4431-9D74-17D170D4977D}.Debug|Any CPU.Build.0 = Debug|Any CPU
		{1DB4B8AB-8B7F-4431-9D74-17D170D4977D}.Release|Any CPU.ActiveCfg = Release|Any CPU
		{1DB4B8AB-8B7F-4431-9D74-17D170D4977D}.Release|Any CPU.Build.0 = Release|Any CPU
		{46F8998A-2FD9-48CB-B076-4C1D6B1437CD}.Debug|Any CPU.ActiveCfg = Debug|Any CPU
		{46F8998A-2FD9-48CB-B076-4C1D6B1437CD}.Debug|Any CPU.Build.0 = Debug|Any CPU
		{46F8998A-2FD9-48CB-B076-4C1D6B1437CD}.Release|Any CPU.ActiveCfg = Release|Any CPU
		{46F8998A-2FD9-48CB-B076-4C1D6B1437CD}.Release|Any CPU.Build.0 = Release|Any CPU
		{3FD2D18A-03C3-4A47-9BEE-796749F76D86}.Debug|Any CPU.ActiveCfg = Debug|Any CPU
		{3FD2D18A-03C3-4A47-9BEE-796749F76D86}.Debug|Any CPU.Build.0 = Debug|Any CPU
		{3FD2D18A-03C3-4A47-9BEE-796749F76D86}.Release|Any CPU.ActiveCfg = Release|Any CPU
		{3FD2D18A-03C3-4A47-9BEE-796749F76D86}.Release|Any CPU.Build.0 = Release|Any CPU
		{4A75F57D-D842-4785-A787-526F3F9CA2A4}.Debug|Any CPU.ActiveCfg = Debug|Any CPU
		{4A75F57D-D842-4785-A787-526F3F9CA2A4}.Debug|Any CPU.Build.0 = Debug|Any CPU
		{4A75F57D-D842-4785-A787-526F3F9CA2A4}.Release|Any CPU.ActiveCfg = Release|Any CPU
		{4A75F57D-D842-4785-A787-526F3F9CA2A4}.Release|Any CPU.Build.0 = Release|Any CPU
		{603E61FA-81FB-4970-9C45-9D05A8609AE7}.Debug|Any CPU.ActiveCfg = Debug|Any CPU
		{603E61FA-81FB-4970-9C45-9D05A8609AE7}.Debug|Any CPU.Build.0 = Debug|Any CPU
		{603E61FA-81FB-4970-9C45-9D05A8609AE7}.Release|Any CPU.ActiveCfg = Release|Any CPU
		{603E61FA-81FB-4970-9C45-9D05A8609AE7}.Release|Any CPU.Build.0 = Release|Any CPU
		{E88A7262-1D4A-4AA5-B63C-B314244E6430}.Debug|Any CPU.ActiveCfg = Debug|Any CPU
		{E88A7262-1D4A-4AA5-B63C-B314244E6430}.Debug|Any CPU.Build.0 = Debug|Any CPU
		{E88A7262-1D4A-4AA5-B63C-B314244E6430}.Release|Any CPU.ActiveCfg = Release|Any CPU
		{E88A7262-1D4A-4AA5-B63C-B314244E6430}.Release|Any CPU.Build.0 = Release|Any CPU
		{AD6AB8F5-0DBE-4706-B6A1-08FFE2B77C3C}.Debug|Any CPU.ActiveCfg = Debug|Any CPU
		{AD6AB8F5-0DBE-4706-B6A1-08FFE2B77C3C}.Debug|Any CPU.Build.0 = Debug|Any CPU
		{AD6AB8F5-0DBE-4706-B6A1-08FFE2B77C3C}.Release|Any CPU.ActiveCfg = Release|Any CPU
		{AD6AB8F5-0DBE-4706-B6A1-08FFE2B77C3C}.Release|Any CPU.Build.0 = Release|Any CPU
		{242ADCA5-5C05-48CD-9D2B-4A58FCB5CC96}.Debug|Any CPU.ActiveCfg = Debug|Any CPU
		{242ADCA5-5C05-48CD-9D2B-4A58FCB5CC96}.Debug|Any CPU.Build.0 = Debug|Any CPU
		{242ADCA5-5C05-48CD-9D2B-4A58FCB5CC96}.Release|Any CPU.ActiveCfg = Release|Any CPU
		{242ADCA5-5C05-48CD-9D2B-4A58FCB5CC96}.Release|Any CPU.Build.0 = Release|Any CPU
		{007204A1-A592-4BB1-90D2-772F7DCF4AA9}.Debug|Any CPU.ActiveCfg = Debug|Any CPU
		{007204A1-A592-4BB1-90D2-772F7DCF4AA9}.Debug|Any CPU.Build.0 = Debug|Any CPU
		{007204A1-A592-4BB1-90D2-772F7DCF4AA9}.Release|Any CPU.ActiveCfg = Release|Any CPU
		{007204A1-A592-4BB1-90D2-772F7DCF4AA9}.Release|Any CPU.Build.0 = Release|Any CPU
		{A88DAD9E-ADFE-4CBC-ADEF-7DF447E44FD7}.Debug|Any CPU.ActiveCfg = Debug|Any CPU
		{A88DAD9E-ADFE-4CBC-ADEF-7DF447E44FD7}.Debug|Any CPU.Build.0 = Debug|Any CPU
		{A88DAD9E-ADFE-4CBC-ADEF-7DF447E44FD7}.Release|Any CPU.ActiveCfg = Release|Any CPU
		{A88DAD9E-ADFE-4CBC-ADEF-7DF447E44FD7}.Release|Any CPU.Build.0 = Release|Any CPU
		{0B873BA0-A825-43B7-A274-17F7FC667929}.Debug|Any CPU.ActiveCfg = Debug|Any CPU
		{0B873BA0-A825-43B7-A274-17F7FC667929}.Debug|Any CPU.Build.0 = Debug|Any CPU
		{0B873BA0-A825-43B7-A274-17F7FC667929}.Release|Any CPU.ActiveCfg = Release|Any CPU
		{0B873BA0-A825-43B7-A274-17F7FC667929}.Release|Any CPU.Build.0 = Release|Any CPU
		{09BBAA99-AC2F-4FBE-9B32-58ABEBE73DE2}.Debug|Any CPU.ActiveCfg = Debug|Any CPU
		{09BBAA99-AC2F-4FBE-9B32-58ABEBE73DE2}.Debug|Any CPU.Build.0 = Debug|Any CPU
		{09BBAA99-AC2F-4FBE-9B32-58ABEBE73DE2}.Release|Any CPU.ActiveCfg = Release|Any CPU
		{09BBAA99-AC2F-4FBE-9B32-58ABEBE73DE2}.Release|Any CPU.Build.0 = Release|Any CPU
		{D61C1A2F-1EBB-463B-B563-51E6DEA8830A}.Debug|Any CPU.ActiveCfg = Debug|Any CPU
		{D61C1A2F-1EBB-463B-B563-51E6DEA8830A}.Debug|Any CPU.Build.0 = Debug|Any CPU
		{D61C1A2F-1EBB-463B-B563-51E6DEA8830A}.Release|Any CPU.ActiveCfg = Release|Any CPU
		{D61C1A2F-1EBB-463B-B563-51E6DEA8830A}.Release|Any CPU.Build.0 = Release|Any CPU
		{BEE0F69C-A730-4515-BED2-1C747725E69B}.Debug|Any CPU.ActiveCfg = Debug|Any CPU
		{BEE0F69C-A730-4515-BED2-1C747725E69B}.Debug|Any CPU.Build.0 = Debug|Any CPU
		{BEE0F69C-A730-4515-BED2-1C747725E69B}.Release|Any CPU.ActiveCfg = Release|Any CPU
		{BEE0F69C-A730-4515-BED2-1C747725E69B}.Release|Any CPU.Build.0 = Release|Any CPU
		{920AD7E7-4072-4B84-AD57-5363066A0AD8}.Debug|Any CPU.ActiveCfg = Debug|Any CPU
		{920AD7E7-4072-4B84-AD57-5363066A0AD8}.Debug|Any CPU.Build.0 = Debug|Any CPU
		{920AD7E7-4072-4B84-AD57-5363066A0AD8}.Release|Any CPU.ActiveCfg = Release|Any CPU
		{920AD7E7-4072-4B84-AD57-5363066A0AD8}.Release|Any CPU.Build.0 = Release|Any CPU
		{B9605775-2BB2-4188-AAD8-6EED53575B22}.Debug|Any CPU.ActiveCfg = Debug|Any CPU
		{B9605775-2BB2-4188-AAD8-6EED53575B22}.Debug|Any CPU.Build.0 = Debug|Any CPU
		{B9605775-2BB2-4188-AAD8-6EED53575B22}.Release|Any CPU.ActiveCfg = Release|Any CPU
		{B9605775-2BB2-4188-AAD8-6EED53575B22}.Release|Any CPU.Build.0 = Release|Any CPU
		{89053B2A-C3B8-4A65-AE72-BC4A373EACDD}.Debug|Any CPU.ActiveCfg = Debug|Any CPU
		{89053B2A-C3B8-4A65-AE72-BC4A373EACDD}.Debug|Any CPU.Build.0 = Debug|Any CPU
		{89053B2A-C3B8-4A65-AE72-BC4A373EACDD}.Release|Any CPU.ActiveCfg = Release|Any CPU
		{89053B2A-C3B8-4A65-AE72-BC4A373EACDD}.Release|Any CPU.Build.0 = Release|Any CPU
		{E0F41EF5-4C50-429D-A28F-46EEE9D19FB6}.Debug|Any CPU.ActiveCfg = Debug|Any CPU
		{E0F41EF5-4C50-429D-A28F-46EEE9D19FB6}.Debug|Any CPU.Build.0 = Debug|Any CPU
		{E0F41EF5-4C50-429D-A28F-46EEE9D19FB6}.Release|Any CPU.ActiveCfg = Release|Any CPU
		{E0F41EF5-4C50-429D-A28F-46EEE9D19FB6}.Release|Any CPU.Build.0 = Release|Any CPU
		{1B9BCE2E-59BB-407C-AB59-377388CB1334}.Debug|Any CPU.ActiveCfg = Debug|Any CPU
		{1B9BCE2E-59BB-407C-AB59-377388CB1334}.Debug|Any CPU.Build.0 = Debug|Any CPU
		{1B9BCE2E-59BB-407C-AB59-377388CB1334}.Release|Any CPU.ActiveCfg = Release|Any CPU
		{1B9BCE2E-59BB-407C-AB59-377388CB1334}.Release|Any CPU.Build.0 = Release|Any CPU
		{5DE4098D-F84D-4624-BA03-C0E0D9E208FC}.Debug|Any CPU.ActiveCfg = Debug|Any CPU
		{5DE4098D-F84D-4624-BA03-C0E0D9E208FC}.Debug|Any CPU.Build.0 = Debug|Any CPU
		{5DE4098D-F84D-4624-BA03-C0E0D9E208FC}.Release|Any CPU.ActiveCfg = Release|Any CPU
		{5DE4098D-F84D-4624-BA03-C0E0D9E208FC}.Release|Any CPU.Build.0 = Release|Any CPU
	EndGlobalSection
	GlobalSection(SolutionProperties) = preSolution
		HideSolutionNode = FALSE
	EndGlobalSection
	GlobalSection(ExtensibilityGlobals) = postSolution
		SolutionGuid = {C0891D59-E33C-4A6D-98BE-035D0F3214FC}
	EndGlobalSection
EndGlobal
