
Microsoft Visual Studio Solution File, Format Version 12.00
# Visual Studio Version 17
VisualStudioVersion = 17.1.32421.90
MinimumVisualStudioVersion = 10.0.40219.1
Project("{9A19103F-16F7-4668-BE54-9A1E7A4F7556}") = "AdjancentEqualNumbers", "AdjancentEqualNumbers\AdjancentEqualNumbers.csproj", "{2984ABA0-D959-45F2-9DAE-BA89B0AB5855}"
EndProject
Project("{9A19103F-16F7-4668-BE54-9A1E7A4F7556}") = "GaussTrick", "GaussTrick\GaussTrick.csproj", "{2C4A9A99-4874-47D9-B9B9-85442F6FA26A}"
EndProject
Project("{9A19103F-16F7-4668-BE54-9A1E7A4F7556}") = "MergingLists", "MergingLists\MergingLists.csproj", "{8372FF9F-D248-4007-898C-7AB205802B46}"
EndProject
Project("{9A19103F-16F7-4668-BE54-9A1E7A4F7556}") = "ListOfProducts", "ListOfProducts\ListOfProducts.csproj", "{EFDC098C-726A-4285-A93D-1E9E540FE2DA}"
EndProject
Project("{9A19103F-16F7-4668-BE54-9A1E7A4F7556}") = "RemoveNegativesAndReverse", "RemoveNegativesAndReverse\RemoveNegativesAndReverse.csproj", "{A2FB2271-7511-488B-A1F6-75AF179DDE13}"
EndProject
Project("{9A19103F-16F7-4668-BE54-9A1E7A4F7556}") = "ListManipulation", "ListManipulation\ListManipulation.csproj", "{9D740237-9A72-4EBB-B271-AB610BB1602B}"
EndProject
Project("{9A19103F-16F7-4668-BE54-9A1E7A4F7556}") = "Train", "Train\Train.csproj", "{F25BDA5D-78C9-4469-AD2F-C37DF5F5E3F3}"
EndProject
Project("{9A19103F-16F7-4668-BE54-9A1E7A4F7556}") = "ChangeList", "ChangeList\ChangeList.csproj", "{C70BF8B7-FFB8-47EF-88B7-5E1DDC7A67D7}"
EndProject
Project("{9A19103F-16F7-4668-BE54-9A1E7A4F7556}") = "HouseParty", "HouseParty\HouseParty.csproj", "{FB0ABC55-D3E9-4878-AA1C-E1A39B308F3D}"
EndProject
Project("{9A19103F-16F7-4668-BE54-9A1E7A4F7556}") = "ListOperations", "ListOperations\ListOperations.csproj", "{64EE065C-0D56-4CAA-BB1C-B715C3E54B1A}"
EndProject
Project("{9A19103F-16F7-4668-BE54-9A1E7A4F7556}") = "BombNumbers", "BombNumbers\BombNumbers.csproj", "{4232F39E-801E-4EDB-879F-2D4597CEEA09}"
EndProject
Project("{9A19103F-16F7-4668-BE54-9A1E7A4F7556}") = "CardsGame", "CardsGame\CardsGame.csproj", "{574D63F0-2D78-48BB-B798-657A6044F561}"
EndProject
Project("{9A19103F-16F7-4668-BE54-9A1E7A4F7556}") = "AppendArrays", "AppendArrays\AppendArrays.csproj", "{22CACDD0-F0CE-49D9-AE21-8E4EF95EC1CE}"
EndProject
Project("{9A19103F-16F7-4668-BE54-9A1E7A4F7556}") = "AnonymousThreat", "AnonymousThreat\AnonymousThreat.csproj", "{63F27321-A477-4828-B693-74E35F2148AD}"
EndProject
Project("{FAE04EC0-301F-11D3-BF4B-00C04F79EFBC}") = "PokemonDon'tGo", "PokemonDon'tGo\PokemonDon'tGo.csproj", "{D6CBD0C7-FABF-44E7-BFDC-02C2F24BDC51}"
EndProject
Project("{FAE04EC0-301F-11D3-BF4B-00C04F79EFBC}") = "SoftUniCoursePlanning", "SoftUniCoursePlanning\SoftUniCoursePlanning.csproj", "{187BF9D6-3077-4387-944A-F205C88D75E3}"
EndProject
Global
	GlobalSection(SolutionConfigurationPlatforms) = preSolution
		Debug|Any CPU = Debug|Any CPU
		Release|Any CPU = Release|Any CPU
	EndGlobalSection
	GlobalSection(ProjectConfigurationPlatforms) = postSolution
		{2984ABA0-D959-45F2-9DAE-BA89B0AB5855}.Debug|Any CPU.ActiveCfg = Debug|Any CPU
		{2984ABA0-D959-45F2-9DAE-BA89B0AB5855}.Debug|Any CPU.Build.0 = Debug|Any CPU
		{2984ABA0-D959-45F2-9DAE-BA89B0AB5855}.Release|Any CPU.ActiveCfg = Release|Any CPU
		{2984ABA0-D959-45F2-9DAE-BA89B0AB5855}.Release|Any CPU.Build.0 = Release|Any CPU
		{2C4A9A99-4874-47D9-B9B9-85442F6FA26A}.Debug|Any CPU.ActiveCfg = Debug|Any CPU
		{2C4A9A99-4874-47D9-B9B9-85442F6FA26A}.Debug|Any CPU.Build.0 = Debug|Any CPU
		{2C4A9A99-4874-47D9-B9B9-85442F6FA26A}.Release|Any CPU.ActiveCfg = Release|Any CPU
		{2C4A9A99-4874-47D9-B9B9-85442F6FA26A}.Release|Any CPU.Build.0 = Release|Any CPU
		{8372FF9F-D248-4007-898C-7AB205802B46}.Debug|Any CPU.ActiveCfg = Debug|Any CPU
		{8372FF9F-D248-4007-898C-7AB205802B46}.Debug|Any CPU.Build.0 = Debug|Any CPU
		{8372FF9F-D248-4007-898C-7AB205802B46}.Release|Any CPU.ActiveCfg = Release|Any CPU
		{8372FF9F-D248-4007-898C-7AB205802B46}.Release|Any CPU.Build.0 = Release|Any CPU
		{EFDC098C-726A-4285-A93D-1E9E540FE2DA}.Debug|Any CPU.ActiveCfg = Debug|Any CPU
		{EFDC098C-726A-4285-A93D-1E9E540FE2DA}.Debug|Any CPU.Build.0 = Debug|Any CPU
		{EFDC098C-726A-4285-A93D-1E9E540FE2DA}.Release|Any CPU.ActiveCfg = Release|Any CPU
		{EFDC098C-726A-4285-A93D-1E9E540FE2DA}.Release|Any CPU.Build.0 = Release|Any CPU
		{A2FB2271-7511-488B-A1F6-75AF179DDE13}.Debug|Any CPU.ActiveCfg = Debug|Any CPU
		{A2FB2271-7511-488B-A1F6-75AF179DDE13}.Debug|Any CPU.Build.0 = Debug|Any CPU
		{A2FB2271-7511-488B-A1F6-75AF179DDE13}.Release|Any CPU.ActiveCfg = Release|Any CPU
		{A2FB2271-7511-488B-A1F6-75AF179DDE13}.Release|Any CPU.Build.0 = Release|Any CPU
		{9D740237-9A72-4EBB-B271-AB610BB1602B}.Debug|Any CPU.ActiveCfg = Debug|Any CPU
		{9D740237-9A72-4EBB-B271-AB610BB1602B}.Debug|Any CPU.Build.0 = Debug|Any CPU
		{9D740237-9A72-4EBB-B271-AB610BB1602B}.Release|Any CPU.ActiveCfg = Release|Any CPU
		{9D740237-9A72-4EBB-B271-AB610BB1602B}.Release|Any CPU.Build.0 = Release|Any CPU
		{F25BDA5D-78C9-4469-AD2F-C37DF5F5E3F3}.Debug|Any CPU.ActiveCfg = Debug|Any CPU
		{F25BDA5D-78C9-4469-AD2F-C37DF5F5E3F3}.Debug|Any CPU.Build.0 = Debug|Any CPU
		{F25BDA5D-78C9-4469-AD2F-C37DF5F5E3F3}.Release|Any CPU.ActiveCfg = Release|Any CPU
		{F25BDA5D-78C9-4469-AD2F-C37DF5F5E3F3}.Release|Any CPU.Build.0 = Release|Any CPU
		{C70BF8B7-FFB8-47EF-88B7-5E1DDC7A67D7}.Debug|Any CPU.ActiveCfg = Debug|Any CPU
		{C70BF8B7-FFB8-47EF-88B7-5E1DDC7A67D7}.Debug|Any CPU.Build.0 = Debug|Any CPU
		{C70BF8B7-FFB8-47EF-88B7-5E1DDC7A67D7}.Release|Any CPU.ActiveCfg = Release|Any CPU
		{C70BF8B7-FFB8-47EF-88B7-5E1DDC7A67D7}.Release|Any CPU.Build.0 = Release|Any CPU
		{FB0ABC55-D3E9-4878-AA1C-E1A39B308F3D}.Debug|Any CPU.ActiveCfg = Debug|Any CPU
		{FB0ABC55-D3E9-4878-AA1C-E1A39B308F3D}.Debug|Any CPU.Build.0 = Debug|Any CPU
		{FB0ABC55-D3E9-4878-AA1C-E1A39B308F3D}.Release|Any CPU.ActiveCfg = Release|Any CPU
		{FB0ABC55-D3E9-4878-AA1C-E1A39B308F3D}.Release|Any CPU.Build.0 = Release|Any CPU
		{64EE065C-0D56-4CAA-BB1C-B715C3E54B1A}.Debug|Any CPU.ActiveCfg = Debug|Any CPU
		{64EE065C-0D56-4CAA-BB1C-B715C3E54B1A}.Debug|Any CPU.Build.0 = Debug|Any CPU
		{64EE065C-0D56-4CAA-BB1C-B715C3E54B1A}.Release|Any CPU.ActiveCfg = Release|Any CPU
		{64EE065C-0D56-4CAA-BB1C-B715C3E54B1A}.Release|Any CPU.Build.0 = Release|Any CPU
		{4232F39E-801E-4EDB-879F-2D4597CEEA09}.Debug|Any CPU.ActiveCfg = Debug|Any CPU
		{4232F39E-801E-4EDB-879F-2D4597CEEA09}.Debug|Any CPU.Build.0 = Debug|Any CPU
		{4232F39E-801E-4EDB-879F-2D4597CEEA09}.Release|Any CPU.ActiveCfg = Release|Any CPU
		{4232F39E-801E-4EDB-879F-2D4597CEEA09}.Release|Any CPU.Build.0 = Release|Any CPU
		{574D63F0-2D78-48BB-B798-657A6044F561}.Debug|Any CPU.ActiveCfg = Debug|Any CPU
		{574D63F0-2D78-48BB-B798-657A6044F561}.Debug|Any CPU.Build.0 = Debug|Any CPU
		{574D63F0-2D78-48BB-B798-657A6044F561}.Release|Any CPU.ActiveCfg = Release|Any CPU
		{574D63F0-2D78-48BB-B798-657A6044F561}.Release|Any CPU.Build.0 = Release|Any CPU
		{22CACDD0-F0CE-49D9-AE21-8E4EF95EC1CE}.Debug|Any CPU.ActiveCfg = Debug|Any CPU
		{22CACDD0-F0CE-49D9-AE21-8E4EF95EC1CE}.Debug|Any CPU.Build.0 = Debug|Any CPU
		{22CACDD0-F0CE-49D9-AE21-8E4EF95EC1CE}.Release|Any CPU.ActiveCfg = Release|Any CPU
		{22CACDD0-F0CE-49D9-AE21-8E4EF95EC1CE}.Release|Any CPU.Build.0 = Release|Any CPU
		{63F27321-A477-4828-B693-74E35F2148AD}.Debug|Any CPU.ActiveCfg = Debug|Any CPU
		{63F27321-A477-4828-B693-74E35F2148AD}.Debug|Any CPU.Build.0 = Debug|Any CPU
		{63F27321-A477-4828-B693-74E35F2148AD}.Release|Any CPU.ActiveCfg = Release|Any CPU
		{63F27321-A477-4828-B693-74E35F2148AD}.Release|Any CPU.Build.0 = Release|Any CPU
		{D6CBD0C7-FABF-44E7-BFDC-02C2F24BDC51}.Debug|Any CPU.ActiveCfg = Debug|Any CPU
		{D6CBD0C7-FABF-44E7-BFDC-02C2F24BDC51}.Debug|Any CPU.Build.0 = Debug|Any CPU
		{D6CBD0C7-FABF-44E7-BFDC-02C2F24BDC51}.Release|Any CPU.ActiveCfg = Release|Any CPU
		{D6CBD0C7-FABF-44E7-BFDC-02C2F24BDC51}.Release|Any CPU.Build.0 = Release|Any CPU
		{187BF9D6-3077-4387-944A-F205C88D75E3}.Debug|Any CPU.ActiveCfg = Debug|Any CPU
		{187BF9D6-3077-4387-944A-F205C88D75E3}.Debug|Any CPU.Build.0 = Debug|Any CPU
		{187BF9D6-3077-4387-944A-F205C88D75E3}.Release|Any CPU.ActiveCfg = Release|Any CPU
		{187BF9D6-3077-4387-944A-F205C88D75E3}.Release|Any CPU.Build.0 = Release|Any CPU
	EndGlobalSection
	GlobalSection(SolutionProperties) = preSolution
		HideSolutionNode = FALSE
	EndGlobalSection
	GlobalSection(ExtensibilityGlobals) = postSolution
		SolutionGuid = {0F55CF9E-B51D-4C6F-97EB-2AF1449F5BCB}
	EndGlobalSection
EndGlobal
