
Microsoft Visual Studio Solution File, Format Version 12.00
# Visual Studio Version 17
VisualStudioVersion = 17.2.32616.157
MinimumVisualStudioVersion = 10.0.40219.1
Project("{9A19103F-16F7-4668-BE54-9A1E7A4F7556}") = "Stealer", "Stealer\Stealer.csproj", "{C5E831AE-8F4A-480B-8169-FA1A6F89B69A}"
EndProject
Project("{9A19103F-16F7-4668-BE54-9A1E7A4F7556}") = "CreateAttribute", "High-QualityMistakes\CreateAttribute.csproj", "{A1E4EE13-F1B8-4897-ACEA-D19E2D909320}"
EndProject
Project("{9A19103F-16F7-4668-BE54-9A1E7A4F7556}") = "CommandPattern", "ReflectionAndAttributes\CommandPattern\CommandPattern.csproj", "{F6022D56-E037-4BE0-9497-75A4920546F0}"
EndProject
Project("{9A19103F-16F7-4668-BE54-9A1E7A4F7556}") = "ValidationAttributes", "ReflectionAndAttributes\ValidationAttributes\ValidationAttributes.csproj", "{9B521971-7227-46D3-A5E7-636CC3665DA7}"
EndProject
Global
	GlobalSection(SolutionConfigurationPlatforms) = preSolution
		Debug|Any CPU = Debug|Any CPU
		Release|Any CPU = Release|Any CPU
	EndGlobalSection
	GlobalSection(ProjectConfigurationPlatforms) = postSolution
		{C5E831AE-8F4A-480B-8169-FA1A6F89B69A}.Debug|Any CPU.ActiveCfg = Debug|Any CPU
		{C5E831AE-8F4A-480B-8169-FA1A6F89B69A}.Debug|Any CPU.Build.0 = Debug|Any CPU
		{C5E831AE-8F4A-480B-8169-FA1A6F89B69A}.Release|Any CPU.ActiveCfg = Release|Any CPU
		{C5E831AE-8F4A-480B-8169-FA1A6F89B69A}.Release|Any CPU.Build.0 = Release|Any CPU
		{A1E4EE13-F1B8-4897-ACEA-D19E2D909320}.Debug|Any CPU.ActiveCfg = Debug|Any CPU
		{A1E4EE13-F1B8-4897-ACEA-D19E2D909320}.Debug|Any CPU.Build.0 = Debug|Any CPU
		{A1E4EE13-F1B8-4897-ACEA-D19E2D909320}.Release|Any CPU.ActiveCfg = Release|Any CPU
		{A1E4EE13-F1B8-4897-ACEA-D19E2D909320}.Release|Any CPU.Build.0 = Release|Any CPU
		{F6022D56-E037-4BE0-9497-75A4920546F0}.Debug|Any CPU.ActiveCfg = Debug|Any CPU
		{F6022D56-E037-4BE0-9497-75A4920546F0}.Debug|Any CPU.Build.0 = Debug|Any CPU
		{F6022D56-E037-4BE0-9497-75A4920546F0}.Release|Any CPU.ActiveCfg = Release|Any CPU
		{F6022D56-E037-4BE0-9497-75A4920546F0}.Release|Any CPU.Build.0 = Release|Any CPU
		{9B521971-7227-46D3-A5E7-636CC3665DA7}.Debug|Any CPU.ActiveCfg = Debug|Any CPU
		{9B521971-7227-46D3-A5E7-636CC3665DA7}.Debug|Any CPU.Build.0 = Debug|Any CPU
		{9B521971-7227-46D3-A5E7-636CC3665DA7}.Release|Any CPU.ActiveCfg = Release|Any CPU
		{9B521971-7227-46D3-A5E7-636CC3665DA7}.Release|Any CPU.Build.0 = Release|Any CPU
	EndGlobalSection
	GlobalSection(SolutionProperties) = preSolution
		HideSolutionNode = FALSE
	EndGlobalSection
	GlobalSection(ExtensibilityGlobals) = postSolution
		SolutionGuid = {9B904C88-7F8C-44BF-B0C4-76D9528CCBCA}
	EndGlobalSection
EndGlobal
